// !$*UTF8*$!
{
	archiveVersion = 1;
	classes = {
	};
	objectVersion = 48;
	objects = {

/* Begin PBXBuildFile section */
		397C8C8421733C9A0027959A /* BunzBalanceView.swift in Sources */ = {isa = PBXBuildFile; fileRef = 397C8C8321733C9A0027959A /* BunzBalanceView.swift */; };
		397C8C862173471A0027959A /* BunzMainButtonsView.swift in Sources */ = {isa = PBXBuildFile; fileRef = 397C8C852173471A0027959A /* BunzMainButtonsView.swift */; };
		3B871ECB2173215E006DF326 /* BunzImageView.swift in Sources */ = {isa = PBXBuildFile; fileRef = 3B871ECA2173215E006DF326 /* BunzImageView.swift */; };
		3B871ECD21732F58006DF326 /* BunzTransactionView.swift in Sources */ = {isa = PBXBuildFile; fileRef = 3B871ECC21732F58006DF326 /* BunzTransactionView.swift */; };
		5392499821731DB800E78415 /* BunzHomeViewController.swift in Sources */ = {isa = PBXBuildFile; fileRef = 5392499721731DB800E78415 /* BunzHomeViewController.swift */; };
		648CD77A775A1195259752EE /* Pods_Scuto_Vendor.framework in Frameworks */ = {isa = PBXBuildFile; fileRef = ACE9763D4A4D78B63973B694 /* Pods_Scuto_Vendor.framework */; };
		8A068C31210AC60200AA8E91 /* ScrollViewController.swift in Sources */ = {isa = PBXBuildFile; fileRef = 8A068C30210AC60200AA8E91 /* ScrollViewController.swift */; };
		8A20C553211165F2000C0793 /* UIColor+HexInit.swift in Sources */ = {isa = PBXBuildFile; fileRef = 8A20C552211165F2000C0793 /* UIColor+HexInit.swift */; };
		8A20C55521116662000C0793 /* UILabel+SetFontAndText.swift in Sources */ = {isa = PBXBuildFile; fileRef = 8A20C55421116662000C0793 /* UILabel+SetFontAndText.swift */; };
		8A20C55B21116828000C0793 /* BookingsFlowController.swift in Sources */ = {isa = PBXBuildFile; fileRef = 8A20C55A21116828000C0793 /* BookingsFlowController.swift */; };
		8A20C55D211168E1000C0793 /* UIViewController+AddRemoveChildren.swift in Sources */ = {isa = PBXBuildFile; fileRef = 8A20C55C211168E1000C0793 /* UIViewController+AddRemoveChildren.swift */; };
		8A20C55F2111E1E4000C0793 /* AppFlowController.swift in Sources */ = {isa = PBXBuildFile; fileRef = 8A20C55E2111E1E4000C0793 /* AppFlowController.swift */; };
		8A277129212D245800E35916 /* SlitPageControl.swift in Sources */ = {isa = PBXBuildFile; fileRef = 8A277128212D245800E35916 /* SlitPageControl.swift */; };
		8A28293020E7ABDA0084EB2D /* HomeHeaderButtonView.swift in Sources */ = {isa = PBXBuildFile; fileRef = 8A28292F20E7ABDA0084EB2D /* HomeHeaderButtonView.swift */; };
		8A29910C212CD5F200F9AA3F /* BookingDetailPaymentView.swift in Sources */ = {isa = PBXBuildFile; fileRef = 8A29910B212CD5F200F9AA3F /* BookingDetailPaymentView.swift */; };
		8A2E439C2168194B0010B9CD /* splash-view-controller-animation.json in Resources */ = {isa = PBXBuildFile; fileRef = 8A2E439B2168194B0010B9CD /* splash-view-controller-animation.json */; };
		8A4322152114210E00F971F7 /* SplashViewController.swift in Sources */ = {isa = PBXBuildFile; fileRef = 8A4322142114210E00F971F7 /* SplashViewController.swift */; };
		8A4C785B20D0D997005BCCFF /* HomeSearchView.swift in Sources */ = {isa = PBXBuildFile; fileRef = 8A4C785A20D0D997005BCCFF /* HomeSearchView.swift */; };
		8A60B62820D0C9F500CAD2FB /* ScutoDevice.swift in Sources */ = {isa = PBXBuildFile; fileRef = 8A60B62720D0C9F500CAD2FB /* ScutoDevice.swift */; };
		8A69A98B20FEB2DC00C5999A /* ProfileViewController.swift in Sources */ = {isa = PBXBuildFile; fileRef = 8A69A98A20FEB2DC00C5999A /* ProfileViewController.swift */; };
		8A69A98F20FEBBBB00C5999A /* ProfileIntroView.swift in Sources */ = {isa = PBXBuildFile; fileRef = 8A69A98E20FEBBBB00C5999A /* ProfileIntroView.swift */; };
		8A69A99120FEF1E100C5999A /* ProfileDescriptionView.swift in Sources */ = {isa = PBXBuildFile; fileRef = 8A69A99020FEF1E100C5999A /* ProfileDescriptionView.swift */; };
		8A6ADD9020CF0977006E9F49 /* AuthFlowController.swift in Sources */ = {isa = PBXBuildFile; fileRef = 8A6ADD8F20CF0977006E9F49 /* AuthFlowController.swift */; };
		8A6ADD9420CF154C006E9F49 /* MainTabBarController.swift in Sources */ = {isa = PBXBuildFile; fileRef = 8A6ADD9320CF154C006E9F49 /* MainTabBarController.swift */; };
		8A6ADD9720CF34AC006E9F49 /* UI.swift in Sources */ = {isa = PBXBuildFile; fileRef = 8A6ADD9620CF34AC006E9F49 /* UI.swift */; };
		8A91C4D521245C72001CC0F5 /* BorderedButton.swift in Sources */ = {isa = PBXBuildFile; fileRef = 8A91C4D421245C72001CC0F5 /* BorderedButton.swift */; };
		8A91C4D721246196001CC0F5 /* UIButton+SetBackgroundColor.swift in Sources */ = {isa = PBXBuildFile; fileRef = 8A91C4D621246196001CC0F5 /* UIButton+SetBackgroundColor.swift */; };
		8A93907F20D8CFEB00DC4756 /* HomeViewController.swift in Sources */ = {isa = PBXBuildFile; fileRef = 8A93907E20D8CFEB00DC4756 /* HomeViewController.swift */; };
		8A998D282113372600F39019 /* MainFlowController.swift in Sources */ = {isa = PBXBuildFile; fileRef = 8A998D272113372600F39019 /* MainFlowController.swift */; };
		8AB20EF320F3A64A002BC816 /* SearchViewController.swift in Sources */ = {isa = PBXBuildFile; fileRef = 8AB20EF220F3A64A002BC816 /* SearchViewController.swift */; };
		8AB20EFB20F3AC83002BC816 /* SearchViewControllerTransition.swift in Sources */ = {isa = PBXBuildFile; fileRef = 8AB20EFA20F3AC83002BC816 /* SearchViewControllerTransition.swift */; };
		8AB20EFF20F3B292002BC816 /* SearchBarView.swift in Sources */ = {isa = PBXBuildFile; fileRef = 8AB20EFE20F3B292002BC816 /* SearchBarView.swift */; };
		8ACDA26220E6B0CB00839A9F /* HomeHeaderView.swift in Sources */ = {isa = PBXBuildFile; fileRef = 8ACDA26120E6B0CB00839A9F /* HomeHeaderView.swift */; };
		8AD0384920D0563500410728 /* ComingSoonViewController.swift in Sources */ = {isa = PBXBuildFile; fileRef = 8AD0384820D0563500410728 /* ComingSoonViewController.swift */; };
		8AD4D37E20ED0120001AE39B /* HomeBigButtonView.swift in Sources */ = {isa = PBXBuildFile; fileRef = 8AD4D37D20ED0120001AE39B /* HomeBigButtonView.swift */; };
		8AE342D0211C769D00A3CBF1 /* OnboardingViewController.swift in Sources */ = {isa = PBXBuildFile; fileRef = 8AE342CF211C769D00A3CBF1 /* OnboardingViewController.swift */; };
		8AE5B2F720D00ED1001E6B51 /* ScutoNavigationController.swift in Sources */ = {isa = PBXBuildFile; fileRef = 8AE5B2F620D00ED1001E6B51 /* ScutoNavigationController.swift */; };
		8AEA9DC520B0F7D300BA9A16 /* AppDelegate.swift in Sources */ = {isa = PBXBuildFile; fileRef = 8AEA9DC420B0F7D300BA9A16 /* AppDelegate.swift */; };
		8AEA9DCC20B0F7D300BA9A16 /* Assets.xcassets in Resources */ = {isa = PBXBuildFile; fileRef = 8AEA9DCB20B0F7D300BA9A16 /* Assets.xcassets */; };
		8AEA9DCF20B0F7D300BA9A16 /* LaunchScreen.storyboard in Resources */ = {isa = PBXBuildFile; fileRef = 8AEA9DCD20B0F7D300BA9A16 /* LaunchScreen.storyboard */; };
		8AF5850C2114B3D9003BB058 /* HomePreviewCardView.swift in Sources */ = {isa = PBXBuildFile; fileRef = 8AF5850B2114B3D9003BB058 /* HomePreviewCardView.swift */; };
		8AF5850E2114C8DD003BB058 /* ProfileTextEditViewController.swift in Sources */ = {isa = PBXBuildFile; fileRef = 8AF5850D2114C8DD003BB058 /* ProfileTextEditViewController.swift */; };
		8AFD58FA212CFBFE002372CC /* BookingDetailCardScrollView.swift in Sources */ = {isa = PBXBuildFile; fileRef = 8AFD58F9212CFBFE002372CC /* BookingDetailCardScrollView.swift */; };
/* End PBXBuildFile section */

/* Begin PBXFileReference section */
		397C8C8321733C9A0027959A /* BunzBalanceView.swift */ = {isa = PBXFileReference; lastKnownFileType = sourcecode.swift; path = BunzBalanceView.swift; sourceTree = "<group>"; };
		397C8C852173471A0027959A /* BunzMainButtonsView.swift */ = {isa = PBXFileReference; lastKnownFileType = sourcecode.swift; path = BunzMainButtonsView.swift; sourceTree = "<group>"; };
		3B871ECA2173215E006DF326 /* BunzImageView.swift */ = {isa = PBXFileReference; lastKnownFileType = sourcecode.swift; path = BunzImageView.swift; sourceTree = "<group>"; };
		3B871ECC21732F58006DF326 /* BunzTransactionView.swift */ = {isa = PBXFileReference; lastKnownFileType = sourcecode.swift; path = BunzTransactionView.swift; sourceTree = "<group>"; };
		5392499721731DB800E78415 /* BunzHomeViewController.swift */ = {isa = PBXFileReference; lastKnownFileType = sourcecode.swift; path = BunzHomeViewController.swift; sourceTree = "<group>"; };
		8A068C30210AC60200AA8E91 /* ScrollViewController.swift */ = {isa = PBXFileReference; lastKnownFileType = sourcecode.swift; path = ScrollViewController.swift; sourceTree = "<group>"; };
		8A20C552211165F2000C0793 /* UIColor+HexInit.swift */ = {isa = PBXFileReference; lastKnownFileType = sourcecode.swift; path = "UIColor+HexInit.swift"; sourceTree = "<group>"; };
		8A20C55421116662000C0793 /* UILabel+SetFontAndText.swift */ = {isa = PBXFileReference; lastKnownFileType = sourcecode.swift; path = "UILabel+SetFontAndText.swift"; sourceTree = "<group>"; };
		8A20C55A21116828000C0793 /* BookingsFlowController.swift */ = {isa = PBXFileReference; lastKnownFileType = sourcecode.swift; path = BookingsFlowController.swift; sourceTree = "<group>"; };
		8A20C55C211168E1000C0793 /* UIViewController+AddRemoveChildren.swift */ = {isa = PBXFileReference; lastKnownFileType = sourcecode.swift; path = "UIViewController+AddRemoveChildren.swift"; sourceTree = "<group>"; };
		8A20C55E2111E1E4000C0793 /* AppFlowController.swift */ = {isa = PBXFileReference; lastKnownFileType = sourcecode.swift; path = AppFlowController.swift; sourceTree = "<group>"; };
		8A277128212D245800E35916 /* SlitPageControl.swift */ = {isa = PBXFileReference; lastKnownFileType = sourcecode.swift; path = SlitPageControl.swift; sourceTree = "<group>"; };
		8A28292F20E7ABDA0084EB2D /* HomeHeaderButtonView.swift */ = {isa = PBXFileReference; lastKnownFileType = sourcecode.swift; path = HomeHeaderButtonView.swift; sourceTree = "<group>"; };
		8A29910B212CD5F200F9AA3F /* BookingDetailPaymentView.swift */ = {isa = PBXFileReference; lastKnownFileType = sourcecode.swift; path = BookingDetailPaymentView.swift; sourceTree = "<group>"; };
		8A2E439B2168194B0010B9CD /* splash-view-controller-animation.json */ = {isa = PBXFileReference; fileEncoding = 4; lastKnownFileType = text.json; path = "splash-view-controller-animation.json"; sourceTree = "<group>"; };
		8A4322142114210E00F971F7 /* SplashViewController.swift */ = {isa = PBXFileReference; lastKnownFileType = sourcecode.swift; path = SplashViewController.swift; sourceTree = "<group>"; };
		8A4C785A20D0D997005BCCFF /* HomeSearchView.swift */ = {isa = PBXFileReference; lastKnownFileType = sourcecode.swift; path = HomeSearchView.swift; sourceTree = "<group>"; };
		8A60B62720D0C9F500CAD2FB /* ScutoDevice.swift */ = {isa = PBXFileReference; lastKnownFileType = sourcecode.swift; path = ScutoDevice.swift; sourceTree = "<group>"; };
		8A69A98A20FEB2DC00C5999A /* ProfileViewController.swift */ = {isa = PBXFileReference; lastKnownFileType = sourcecode.swift; path = ProfileViewController.swift; sourceTree = "<group>"; };
		8A69A98E20FEBBBB00C5999A /* ProfileIntroView.swift */ = {isa = PBXFileReference; lastKnownFileType = sourcecode.swift; path = ProfileIntroView.swift; sourceTree = "<group>"; };
		8A69A99020FEF1E100C5999A /* ProfileDescriptionView.swift */ = {isa = PBXFileReference; lastKnownFileType = sourcecode.swift; path = ProfileDescriptionView.swift; sourceTree = "<group>"; };
		8A6ADD8F20CF0977006E9F49 /* AuthFlowController.swift */ = {isa = PBXFileReference; lastKnownFileType = sourcecode.swift; path = AuthFlowController.swift; sourceTree = "<group>"; };
		8A6ADD9320CF154C006E9F49 /* MainTabBarController.swift */ = {isa = PBXFileReference; lastKnownFileType = sourcecode.swift; path = MainTabBarController.swift; sourceTree = "<group>"; };
		8A6ADD9620CF34AC006E9F49 /* UI.swift */ = {isa = PBXFileReference; lastKnownFileType = sourcecode.swift; path = UI.swift; sourceTree = "<group>"; };
		8A91C4D421245C72001CC0F5 /* BorderedButton.swift */ = {isa = PBXFileReference; lastKnownFileType = sourcecode.swift; path = BorderedButton.swift; sourceTree = "<group>"; };
		8A91C4D621246196001CC0F5 /* UIButton+SetBackgroundColor.swift */ = {isa = PBXFileReference; lastKnownFileType = sourcecode.swift; path = "UIButton+SetBackgroundColor.swift"; sourceTree = "<group>"; };
		8A93907E20D8CFEB00DC4756 /* HomeViewController.swift */ = {isa = PBXFileReference; lastKnownFileType = sourcecode.swift; path = HomeViewController.swift; sourceTree = "<group>"; };
		8A998D272113372600F39019 /* MainFlowController.swift */ = {isa = PBXFileReference; lastKnownFileType = sourcecode.swift; path = MainFlowController.swift; sourceTree = "<group>"; };
		8AB20EF220F3A64A002BC816 /* SearchViewController.swift */ = {isa = PBXFileReference; lastKnownFileType = sourcecode.swift; path = SearchViewController.swift; sourceTree = "<group>"; };
		8AB20EFA20F3AC83002BC816 /* SearchViewControllerTransition.swift */ = {isa = PBXFileReference; lastKnownFileType = sourcecode.swift; path = SearchViewControllerTransition.swift; sourceTree = "<group>"; };
		8AB20EFE20F3B292002BC816 /* SearchBarView.swift */ = {isa = PBXFileReference; lastKnownFileType = sourcecode.swift; path = SearchBarView.swift; sourceTree = "<group>"; };
		8ACDA26120E6B0CB00839A9F /* HomeHeaderView.swift */ = {isa = PBXFileReference; lastKnownFileType = sourcecode.swift; path = HomeHeaderView.swift; sourceTree = "<group>"; };
		8AD0384820D0563500410728 /* ComingSoonViewController.swift */ = {isa = PBXFileReference; lastKnownFileType = sourcecode.swift; path = ComingSoonViewController.swift; sourceTree = "<group>"; };
		8AD4D37D20ED0120001AE39B /* HomeBigButtonView.swift */ = {isa = PBXFileReference; lastKnownFileType = sourcecode.swift; path = HomeBigButtonView.swift; sourceTree = "<group>"; };
		8AE342CF211C769D00A3CBF1 /* OnboardingViewController.swift */ = {isa = PBXFileReference; lastKnownFileType = sourcecode.swift; path = OnboardingViewController.swift; sourceTree = "<group>"; };
		8AE5B2F620D00ED1001E6B51 /* ScutoNavigationController.swift */ = {isa = PBXFileReference; lastKnownFileType = sourcecode.swift; path = ScutoNavigationController.swift; sourceTree = "<group>"; };
		8AEA9DC120B0F7D300BA9A16 /* Scuto Vendor.app */ = {isa = PBXFileReference; explicitFileType = wrapper.application; includeInIndex = 0; path = "Scuto Vendor.app"; sourceTree = BUILT_PRODUCTS_DIR; };
		8AEA9DC420B0F7D300BA9A16 /* AppDelegate.swift */ = {isa = PBXFileReference; lastKnownFileType = sourcecode.swift; path = AppDelegate.swift; sourceTree = "<group>"; };
		8AEA9DCB20B0F7D300BA9A16 /* Assets.xcassets */ = {isa = PBXFileReference; lastKnownFileType = folder.assetcatalog; path = Assets.xcassets; sourceTree = "<group>"; };
		8AEA9DCE20B0F7D300BA9A16 /* Base */ = {isa = PBXFileReference; lastKnownFileType = file.storyboard; name = Base; path = Base.lproj/LaunchScreen.storyboard; sourceTree = "<group>"; };
		8AEA9DD020B0F7D300BA9A16 /* Info.plist */ = {isa = PBXFileReference; lastKnownFileType = text.plist.xml; path = Info.plist; sourceTree = "<group>"; };
		8AF5850B2114B3D9003BB058 /* HomePreviewCardView.swift */ = {isa = PBXFileReference; lastKnownFileType = sourcecode.swift; path = HomePreviewCardView.swift; sourceTree = "<group>"; };
		8AF5850D2114C8DD003BB058 /* ProfileTextEditViewController.swift */ = {isa = PBXFileReference; lastKnownFileType = sourcecode.swift; path = ProfileTextEditViewController.swift; sourceTree = "<group>"; };
		8AFD58F9212CFBFE002372CC /* BookingDetailCardScrollView.swift */ = {isa = PBXFileReference; lastKnownFileType = sourcecode.swift; path = BookingDetailCardScrollView.swift; sourceTree = "<group>"; };
		AA4234C9866F9DE91CC60DA7 /* Pods-Scuto Vendor.debug.xcconfig */ = {isa = PBXFileReference; includeInIndex = 1; lastKnownFileType = text.xcconfig; name = "Pods-Scuto Vendor.debug.xcconfig"; path = "Pods/Target Support Files/Pods-Scuto Vendor/Pods-Scuto Vendor.debug.xcconfig"; sourceTree = "<group>"; };
		ACE9763D4A4D78B63973B694 /* Pods_Scuto_Vendor.framework */ = {isa = PBXFileReference; explicitFileType = wrapper.framework; includeInIndex = 0; path = Pods_Scuto_Vendor.framework; sourceTree = BUILT_PRODUCTS_DIR; };
		B613A445B7DADEBD91F5FB4B /* Pods-Scuto Vendor.release.xcconfig */ = {isa = PBXFileReference; includeInIndex = 1; lastKnownFileType = text.xcconfig; name = "Pods-Scuto Vendor.release.xcconfig"; path = "Pods/Target Support Files/Pods-Scuto Vendor/Pods-Scuto Vendor.release.xcconfig"; sourceTree = "<group>"; };
/* End PBXFileReference section */

/* Begin PBXFrameworksBuildPhase section */
		8AEA9DBE20B0F7D300BA9A16 /* Frameworks */ = {
			isa = PBXFrameworksBuildPhase;
			buildActionMask = 2147483647;
			files = (
				648CD77A775A1195259752EE /* Pods_Scuto_Vendor.framework in Frameworks */,
			);
			runOnlyForDeploymentPostprocessing = 0;
		};
/* End PBXFrameworksBuildPhase section */

/* Begin PBXGroup section */
		0CD1363C40EE1910026A0B13 /* Frameworks */ = {
			isa = PBXGroup;
			children = (
				ACE9763D4A4D78B63973B694 /* Pods_Scuto_Vendor.framework */,
			);
			name = Frameworks;
			sourceTree = "<group>";
		};
		3B871EC921732125006DF326 /* Views */ = {
			isa = PBXGroup;
			children = (
				3B871ECA2173215E006DF326 /* BunzImageView.swift */,
				397C8C8321733C9A0027959A /* BunzBalanceView.swift */,
				3B871ECC21732F58006DF326 /* BunzTransactionView.swift */,
				397C8C852173471A0027959A /* BunzMainButtonsView.swift */,
			);
			path = Views;
			sourceTree = "<group>";
		};
		8A0C438920D3FE550049691A /* Extensions */ = {
			isa = PBXGroup;
			children = (
				8A20C55121116582000C0793 /* UIKit */,
			);
			path = Extensions;
			sourceTree = "<group>";
		};
		8A204F0A20FE20B600719CD0 /* Main */ = {
			isa = PBXGroup;
			children = (
				3B871EC921732125006DF326 /* Views */,
				8A998D272113372600F39019 /* MainFlowController.swift */,
				8A6ADD9320CF154C006E9F49 /* MainTabBarController.swift */,
				8AD0384820D0563500410728 /* ComingSoonViewController.swift */,
				5392499721731DB800E78415 /* BunzHomeViewController.swift */,
				8A20C54D211163AF000C0793 /* Home */,
				8A20C54F211163F8000C0793 /* Profile */,
			);
			path = Main;
			sourceTree = "<group>";
		};
		8A20C54B21116306000C0793 /* Componenets */ = {
			isa = PBXGroup;
			children = (
				8A277125212D231800E35916 /* UI */,
				8A6ADD9220CF14DB006E9F49 /* Controllers */,
			);
			path = Componenets;
			sourceTree = "<group>";
		};
		8A20C54C21116329000C0793 /* Onboarding */ = {
			isa = PBXGroup;
			children = (
				8A6ADD8F20CF0977006E9F49 /* AuthFlowController.swift */,
				8AE342CF211C769D00A3CBF1 /* OnboardingViewController.swift */,
			);
			path = Onboarding;
			sourceTree = "<group>";
		};
		8A20C54D211163AF000C0793 /* Home */ = {
			isa = PBXGroup;
			children = (
				8A93907E20D8CFEB00DC4756 /* HomeViewController.swift */,
				8A20C54E211163C7000C0793 /* Views */,
			);
			path = Home;
			sourceTree = "<group>";
		};
		8A20C54E211163C7000C0793 /* Views */ = {
			isa = PBXGroup;
			children = (
				8ACDA26120E6B0CB00839A9F /* HomeHeaderView.swift */,
				8A28292F20E7ABDA0084EB2D /* HomeHeaderButtonView.swift */,
				8A4C785A20D0D997005BCCFF /* HomeSearchView.swift */,
				8AD4D37D20ED0120001AE39B /* HomeBigButtonView.swift */,
				8AF5850B2114B3D9003BB058 /* HomePreviewCardView.swift */,
			);
			path = Views;
			sourceTree = "<group>";
		};
		8A20C54F211163F8000C0793 /* Profile */ = {
			isa = PBXGroup;
			children = (
				8A69A98A20FEB2DC00C5999A /* ProfileViewController.swift */,
				8AF5850D2114C8DD003BB058 /* ProfileTextEditViewController.swift */,
				8A69A98C20FEBB4100C5999A /* Views */,
			);
			path = Profile;
			sourceTree = "<group>";
		};
		8A20C55021116434000C0793 /* Views */ = {
			isa = PBXGroup;
			children = (
				8AB20EFE20F3B292002BC816 /* SearchBarView.swift */,
			);
			path = Views;
			sourceTree = "<group>";
		};
		8A20C55121116582000C0793 /* UIKit */ = {
			isa = PBXGroup;
			children = (
				8A20C552211165F2000C0793 /* UIColor+HexInit.swift */,
				8A20C55421116662000C0793 /* UILabel+SetFontAndText.swift */,
				8A20C55C211168E1000C0793 /* UIViewController+AddRemoveChildren.swift */,
				8A91C4D621246196001CC0F5 /* UIButton+SetBackgroundColor.swift */,
			);
			path = UIKit;
			sourceTree = "<group>";
		};
		8A20C556211166AC000C0793 /* Resources */ = {
			isa = PBXGroup;
			children = (
				8A2E439A2168194B0010B9CD /* LottieAnimations */,
				8AEA9DD020B0F7D300BA9A16 /* Info.plist */,
				8AEA9DCB20B0F7D300BA9A16 /* Assets.xcassets */,
			);
			path = Resources;
			sourceTree = "<group>";
		};
		8A20C559211167ED000C0793 /* Bookings */ = {
			isa = PBXGroup;
			children = (
				8A299109212CD56700F9AA3F /* BookingDetails */,
				8A20C55A21116828000C0793 /* BookingsFlowController.swift */,
			);
			path = Bookings;
			sourceTree = "<group>";
		};
		8A277125212D231800E35916 /* UI */ = {
			isa = PBXGroup;
			children = (
				8A277126212D232700E35916 /* PageControl */,
			);
			path = UI;
			sourceTree = "<group>";
		};
		8A277126212D232700E35916 /* PageControl */ = {
			isa = PBXGroup;
			children = (
				8A277128212D245800E35916 /* SlitPageControl.swift */,
			);
			path = PageControl;
			sourceTree = "<group>";
		};
		8A299109212CD56700F9AA3F /* BookingDetails */ = {
			isa = PBXGroup;
			children = (
				8A29910A212CD58F00F9AA3F /* Views */,
			);
			path = BookingDetails;
			sourceTree = "<group>";
		};
		8A29910A212CD58F00F9AA3F /* Views */ = {
			isa = PBXGroup;
			children = (
				8A29910B212CD5F200F9AA3F /* BookingDetailPaymentView.swift */,
				8AFD58F9212CFBFE002372CC /* BookingDetailCardScrollView.swift */,
			);
			path = Views;
			sourceTree = "<group>";
		};
		8A2E439A2168194B0010B9CD /* LottieAnimations */ = {
			isa = PBXGroup;
			children = (
				8A2E439B2168194B0010B9CD /* splash-view-controller-animation.json */,
			);
			path = LottieAnimations;
			sourceTree = "<group>";
		};
		8A69A98C20FEBB4100C5999A /* Views */ = {
			isa = PBXGroup;
			children = (
				8A69A98E20FEBBBB00C5999A /* ProfileIntroView.swift */,
				8A69A99020FEF1E100C5999A /* ProfileDescriptionView.swift */,
			);
			path = Views;
			sourceTree = "<group>";
		};
		8A6ADD9220CF14DB006E9F49 /* Controllers */ = {
			isa = PBXGroup;
			children = (
				8AE5B2F620D00ED1001E6B51 /* ScutoNavigationController.swift */,
				8A068C30210AC60200AA8E91 /* ScrollViewController.swift */,
			);
			path = Controllers;
			sourceTree = "<group>";
		};
		8A6ADD9520CF3447006E9F49 /* Global */ = {
			isa = PBXGroup;
			children = (
				8A91C4D221245C48001CC0F5 /* ScutoUI */,
				8A60B62720D0C9F500CAD2FB /* ScutoDevice.swift */,
			);
			path = Global;
			sourceTree = "<group>";
		};
		8A91C4D221245C48001CC0F5 /* ScutoUI */ = {
			isa = PBXGroup;
			children = (
				8A91C4D321245C5C001CC0F5 /* Buttons */,
				8A6ADD9620CF34AC006E9F49 /* UI.swift */,
			);
			path = ScutoUI;
			sourceTree = "<group>";
		};
		8A91C4D321245C5C001CC0F5 /* Buttons */ = {
			isa = PBXGroup;
			children = (
				8A91C4D421245C72001CC0F5 /* BorderedButton.swift */,
			);
			path = Buttons;
			sourceTree = "<group>";
		};
		8AB20EF420F3A6B3002BC816 /* Features */ = {
			isa = PBXGroup;
			children = (
				8A4322142114210E00F971F7 /* SplashViewController.swift */,
				8A20C54C21116329000C0793 /* Onboarding */,
				8A204F0A20FE20B600719CD0 /* Main */,
				8AB20EF520F3A6B9002BC816 /* Search */,
				8A20C559211167ED000C0793 /* Bookings */,
			);
			path = Features;
			sourceTree = "<group>";
		};
		8AB20EF520F3A6B9002BC816 /* Search */ = {
			isa = PBXGroup;
			children = (
				8A20C55021116434000C0793 /* Views */,
				8AB20EF220F3A64A002BC816 /* SearchViewController.swift */,
				8AB20EFA20F3AC83002BC816 /* SearchViewControllerTransition.swift */,
			);
			path = Search;
			sourceTree = "<group>";
		};
		8AEA9DB820B0F7D300BA9A16 = {
			isa = PBXGroup;
			children = (
				8AEA9DC320B0F7D300BA9A16 /* Scuto Vendor */,
				8AEA9DC220B0F7D300BA9A16 /* Products */,
				DDF0268ABE67E8EC8A3BBE27 /* Pods */,
				0CD1363C40EE1910026A0B13 /* Frameworks */,
			);
			sourceTree = "<group>";
		};
		8AEA9DC220B0F7D300BA9A16 /* Products */ = {
			isa = PBXGroup;
			children = (
				8AEA9DC120B0F7D300BA9A16 /* Scuto Vendor.app */,
			);
			name = Products;
			sourceTree = "<group>";
		};
		8AEA9DC320B0F7D300BA9A16 /* Scuto Vendor */ = {
			isa = PBXGroup;
			children = (
				8AEA9DCD20B0F7D300BA9A16 /* LaunchScreen.storyboard */,
				8AEA9DC420B0F7D300BA9A16 /* AppDelegate.swift */,
				8A20C55E2111E1E4000C0793 /* AppFlowController.swift */,
				8AB20EF420F3A6B3002BC816 /* Features */,
				8A20C54B21116306000C0793 /* Componenets */,
				8A0C438920D3FE550049691A /* Extensions */,
				8A6ADD9520CF3447006E9F49 /* Global */,
				8A20C556211166AC000C0793 /* Resources */,
			);
			path = "Scuto Vendor";
			sourceTree = "<group>";
		};
		DDF0268ABE67E8EC8A3BBE27 /* Pods */ = {
			isa = PBXGroup;
			children = (
				AA4234C9866F9DE91CC60DA7 /* Pods-Scuto Vendor.debug.xcconfig */,
				B613A445B7DADEBD91F5FB4B /* Pods-Scuto Vendor.release.xcconfig */,
			);
			name = Pods;
			sourceTree = "<group>";
		};
/* End PBXGroup section */

/* Begin PBXNativeTarget section */
		8AEA9DC020B0F7D300BA9A16 /* Scuto Vendor */ = {
			isa = PBXNativeTarget;
			buildConfigurationList = 8AEA9DD320B0F7D300BA9A16 /* Build configuration list for PBXNativeTarget "Scuto Vendor" */;
			buildPhases = (
				D13D0E73BAAC98A2F37A4217 /* [CP] Check Pods Manifest.lock */,
				8AEA9DBD20B0F7D300BA9A16 /* Sources */,
				8AEA9DBE20B0F7D300BA9A16 /* Frameworks */,
				8AEA9DBF20B0F7D300BA9A16 /* Resources */,
				1550AA7F59999BA7A905C721 /* [CP] Embed Pods Frameworks */,
			);
			buildRules = (
			);
			dependencies = (
			);
			name = "Scuto Vendor";
			productName = Scuto;
			productReference = 8AEA9DC120B0F7D300BA9A16 /* Scuto Vendor.app */;
			productType = "com.apple.product-type.application";
		};
/* End PBXNativeTarget section */

/* Begin PBXProject section */
		8AEA9DB920B0F7D300BA9A16 /* Project object */ = {
			isa = PBXProject;
			attributes = {
				LastSwiftUpdateCheck = 0920;
				LastUpgradeCheck = 0940;
				ORGANIZATIONNAME = Scuto;
				TargetAttributes = {
					8AEA9DC020B0F7D300BA9A16 = {
						CreatedOnToolsVersion = 9.2;
						ProvisioningStyle = Automatic;
					};
				};
			};
			buildConfigurationList = 8AEA9DBC20B0F7D300BA9A16 /* Build configuration list for PBXProject "Scuto Vendor" */;
			compatibilityVersion = "Xcode 8.0";
			developmentRegion = en;
			hasScannedForEncodings = 0;
			knownRegions = (
				en,
				Base,
			);
			mainGroup = 8AEA9DB820B0F7D300BA9A16;
			productRefGroup = 8AEA9DC220B0F7D300BA9A16 /* Products */;
			projectDirPath = "";
			projectRoot = "";
			targets = (
				8AEA9DC020B0F7D300BA9A16 /* Scuto Vendor */,
			);
		};
/* End PBXProject section */

/* Begin PBXResourcesBuildPhase section */
		8AEA9DBF20B0F7D300BA9A16 /* Resources */ = {
			isa = PBXResourcesBuildPhase;
			buildActionMask = 2147483647;
			files = (
				8AEA9DCF20B0F7D300BA9A16 /* LaunchScreen.storyboard in Resources */,
				8AEA9DCC20B0F7D300BA9A16 /* Assets.xcassets in Resources */,
				8A2E439C2168194B0010B9CD /* splash-view-controller-animation.json in Resources */,
			);
			runOnlyForDeploymentPostprocessing = 0;
		};
/* End PBXResourcesBuildPhase section */

/* Begin PBXShellScriptBuildPhase section */
		1550AA7F59999BA7A905C721 /* [CP] Embed Pods Frameworks */ = {
			isa = PBXShellScriptBuildPhase;
			buildActionMask = 2147483647;
			files = (
			);
			inputPaths = (
				"${SRCROOT}/Pods/Target Support Files/Pods-Scuto Vendor/Pods-Scuto Vendor-frameworks.sh",
				"${BUILT_PRODUCTS_DIR}/DeviceKit/DeviceKit.framework",
				"${BUILT_PRODUCTS_DIR}/EasyPeasy/EasyPeasy.framework",
				"${BUILT_PRODUCTS_DIR}/Then/Then.framework",
				"${BUILT_PRODUCTS_DIR}/lottie-ios/Lottie.framework",
			);
			name = "[CP] Embed Pods Frameworks";
			outputPaths = (
				"${TARGET_BUILD_DIR}/${FRAMEWORKS_FOLDER_PATH}/DeviceKit.framework",
				"${TARGET_BUILD_DIR}/${FRAMEWORKS_FOLDER_PATH}/EasyPeasy.framework",
				"${TARGET_BUILD_DIR}/${FRAMEWORKS_FOLDER_PATH}/Then.framework",
				"${TARGET_BUILD_DIR}/${FRAMEWORKS_FOLDER_PATH}/Lottie.framework",
			);
			runOnlyForDeploymentPostprocessing = 0;
			shellPath = /bin/sh;
			shellScript = "\"${SRCROOT}/Pods/Target Support Files/Pods-Scuto Vendor/Pods-Scuto Vendor-frameworks.sh\"\n";
			showEnvVarsInLog = 0;
		};
		D13D0E73BAAC98A2F37A4217 /* [CP] Check Pods Manifest.lock */ = {
			isa = PBXShellScriptBuildPhase;
			buildActionMask = 2147483647;
			files = (
			);
			inputPaths = (
				"${PODS_PODFILE_DIR_PATH}/Podfile.lock",
				"${PODS_ROOT}/Manifest.lock",
			);
			name = "[CP] Check Pods Manifest.lock";
			outputPaths = (
				"$(DERIVED_FILE_DIR)/Pods-Scuto Vendor-checkManifestLockResult.txt",
			);
			runOnlyForDeploymentPostprocessing = 0;
			shellPath = /bin/sh;
			shellScript = "diff \"${PODS_PODFILE_DIR_PATH}/Podfile.lock\" \"${PODS_ROOT}/Manifest.lock\" > /dev/null\nif [ $? != 0 ] ; then\n    # print error to STDERR\n    echo \"error: The sandbox is not in sync with the Podfile.lock. Run 'pod install' or update your CocoaPods installation.\" >&2\n    exit 1\nfi\n# This output is used by Xcode 'outputs' to avoid re-running this script phase.\necho \"SUCCESS\" > \"${SCRIPT_OUTPUT_FILE_0}\"\n";
			showEnvVarsInLog = 0;
		};
/* End PBXShellScriptBuildPhase section */

/* Begin PBXSourcesBuildPhase section */
		8AEA9DBD20B0F7D300BA9A16 /* Sources */ = {
			isa = PBXSourcesBuildPhase;
			buildActionMask = 2147483647;
			files = (
				8AB20EFF20F3B292002BC816 /* SearchBarView.swift in Sources */,
				8A60B62820D0C9F500CAD2FB /* ScutoDevice.swift in Sources */,
				8A20C55521116662000C0793 /* UILabel+SetFontAndText.swift in Sources */,
				8A69A98F20FEBBBB00C5999A /* ProfileIntroView.swift in Sources */,
				8A277129212D245800E35916 /* SlitPageControl.swift in Sources */,
				8A20C55F2111E1E4000C0793 /* AppFlowController.swift in Sources */,
				8AF5850C2114B3D9003BB058 /* HomePreviewCardView.swift in Sources */,
				8A28293020E7ABDA0084EB2D /* HomeHeaderButtonView.swift in Sources */,
				8A93907F20D8CFEB00DC4756 /* HomeViewController.swift in Sources */,
				8A6ADD9020CF0977006E9F49 /* AuthFlowController.swift in Sources */,
				8A20C553211165F2000C0793 /* UIColor+HexInit.swift in Sources */,
				8AE5B2F720D00ED1001E6B51 /* ScutoNavigationController.swift in Sources */,
				8A4C785B20D0D997005BCCFF /* HomeSearchView.swift in Sources */,
				8AD4D37E20ED0120001AE39B /* HomeBigButtonView.swift in Sources */,
				8AFD58FA212CFBFE002372CC /* BookingDetailCardScrollView.swift in Sources */,
				8AE342D0211C769D00A3CBF1 /* OnboardingViewController.swift in Sources */,
				397C8C8421733C9A0027959A /* BunzBalanceView.swift in Sources */,
				8AD0384920D0563500410728 /* ComingSoonViewController.swift in Sources */,
				8AB20EFB20F3AC83002BC816 /* SearchViewControllerTransition.swift in Sources */,
				8AB20EF320F3A64A002BC816 /* SearchViewController.swift in Sources */,
				3B871ECB2173215E006DF326 /* BunzImageView.swift in Sources */,
				8A20C55B21116828000C0793 /* BookingsFlowController.swift in Sources */,
				8ACDA26220E6B0CB00839A9F /* HomeHeaderView.swift in Sources */,
				8A6ADD9420CF154C006E9F49 /* MainTabBarController.swift in Sources */,
				8A91C4D521245C72001CC0F5 /* BorderedButton.swift in Sources */,
				8A29910C212CD5F200F9AA3F /* BookingDetailPaymentView.swift in Sources */,
				8A068C31210AC60200AA8E91 /* ScrollViewController.swift in Sources */,
				3B871ECD21732F58006DF326 /* BunzTransactionView.swift in Sources */,
				8A4322152114210E00F971F7 /* SplashViewController.swift in Sources */,
				8AF5850E2114C8DD003BB058 /* ProfileTextEditViewController.swift in Sources */,
				8A998D282113372600F39019 /* MainFlowController.swift in Sources */,
				8A91C4D721246196001CC0F5 /* UIButton+SetBackgroundColor.swift in Sources */,
				5392499821731DB800E78415 /* BunzHomeViewController.swift in Sources */,
				8A20C55D211168E1000C0793 /* UIViewController+AddRemoveChildren.swift in Sources */,
				8A69A98B20FEB2DC00C5999A /* ProfileViewController.swift in Sources */,
				8AEA9DC520B0F7D300BA9A16 /* AppDelegate.swift in Sources */,
				8A69A99120FEF1E100C5999A /* ProfileDescriptionView.swift in Sources */,
				8A6ADD9720CF34AC006E9F49 /* UI.swift in Sources */,
				397C8C862173471A0027959A /* BunzMainButtonsView.swift in Sources */,
			);
			runOnlyForDeploymentPostprocessing = 0;
		};
/* End PBXSourcesBuildPhase section */

/* Begin PBXVariantGroup section */
		8AEA9DCD20B0F7D300BA9A16 /* LaunchScreen.storyboard */ = {
			isa = PBXVariantGroup;
			children = (
				8AEA9DCE20B0F7D300BA9A16 /* Base */,
			);
			name = LaunchScreen.storyboard;
			sourceTree = "<group>";
		};
/* End PBXVariantGroup section */

/* Begin XCBuildConfiguration section */
		8AEA9DD120B0F7D300BA9A16 /* Debug */ = {
			isa = XCBuildConfiguration;
			buildSettings = {
				ALWAYS_SEARCH_USER_PATHS = NO;
				CLANG_ANALYZER_NONNULL = YES;
				CLANG_ANALYZER_NUMBER_OBJECT_CONVERSION = YES_AGGRESSIVE;
				CLANG_CXX_LANGUAGE_STANDARD = "gnu++14";
				CLANG_CXX_LIBRARY = "libc++";
				CLANG_ENABLE_MODULES = YES;
				CLANG_ENABLE_OBJC_ARC = YES;
				CLANG_WARN_BLOCK_CAPTURE_AUTORELEASING = YES;
				CLANG_WARN_BOOL_CONVERSION = YES;
				CLANG_WARN_COMMA = YES;
				CLANG_WARN_CONSTANT_CONVERSION = YES;
				CLANG_WARN_DEPRECATED_OBJC_IMPLEMENTATIONS = YES;
				CLANG_WARN_DIRECT_OBJC_ISA_USAGE = YES_ERROR;
				CLANG_WARN_DOCUMENTATION_COMMENTS = YES;
				CLANG_WARN_EMPTY_BODY = YES;
				CLANG_WARN_ENUM_CONVERSION = YES;
				CLANG_WARN_INFINITE_RECURSION = YES;
				CLANG_WARN_INT_CONVERSION = YES;
				CLANG_WARN_NON_LITERAL_NULL_CONVERSION = YES;
				CLANG_WARN_OBJC_IMPLICIT_RETAIN_SELF = YES;
				CLANG_WARN_OBJC_LITERAL_CONVERSION = YES;
				CLANG_WARN_OBJC_ROOT_CLASS = YES_ERROR;
				CLANG_WARN_RANGE_LOOP_ANALYSIS = YES;
				CLANG_WARN_STRICT_PROTOTYPES = YES;
				CLANG_WARN_SUSPICIOUS_MOVE = YES;
				CLANG_WARN_UNGUARDED_AVAILABILITY = YES_AGGRESSIVE;
				CLANG_WARN_UNREACHABLE_CODE = YES;
				CLANG_WARN__DUPLICATE_METHOD_MATCH = YES;
				CODE_SIGN_IDENTITY = "iPhone Developer";
				COPY_PHASE_STRIP = NO;
				DEBUG_INFORMATION_FORMAT = dwarf;
				ENABLE_STRICT_OBJC_MSGSEND = YES;
				ENABLE_TESTABILITY = YES;
				GCC_C_LANGUAGE_STANDARD = gnu11;
				GCC_DYNAMIC_NO_PIC = NO;
				GCC_NO_COMMON_BLOCKS = YES;
				GCC_OPTIMIZATION_LEVEL = 0;
				GCC_PREPROCESSOR_DEFINITIONS = (
					"DEBUG=1",
					"$(inherited)",
				);
				GCC_WARN_64_TO_32_BIT_CONVERSION = YES;
				GCC_WARN_ABOUT_RETURN_TYPE = YES_ERROR;
				GCC_WARN_UNDECLARED_SELECTOR = YES;
				GCC_WARN_UNINITIALIZED_AUTOS = YES_AGGRESSIVE;
				GCC_WARN_UNUSED_FUNCTION = YES;
				GCC_WARN_UNUSED_VARIABLE = YES;
				IPHONEOS_DEPLOYMENT_TARGET = 11.4;
				MTL_ENABLE_DEBUG_INFO = YES;
				ONLY_ACTIVE_ARCH = YES;
				SDKROOT = iphoneos;
				SWIFT_ACTIVE_COMPILATION_CONDITIONS = DEBUG;
				SWIFT_OPTIMIZATION_LEVEL = "-Onone";
			};
			name = Debug;
		};
		8AEA9DD220B0F7D300BA9A16 /* Release */ = {
			isa = XCBuildConfiguration;
			buildSettings = {
				ALWAYS_SEARCH_USER_PATHS = NO;
				CLANG_ANALYZER_NONNULL = YES;
				CLANG_ANALYZER_NUMBER_OBJECT_CONVERSION = YES_AGGRESSIVE;
				CLANG_CXX_LANGUAGE_STANDARD = "gnu++14";
				CLANG_CXX_LIBRARY = "libc++";
				CLANG_ENABLE_MODULES = YES;
				CLANG_ENABLE_OBJC_ARC = YES;
				CLANG_WARN_BLOCK_CAPTURE_AUTORELEASING = YES;
				CLANG_WARN_BOOL_CONVERSION = YES;
				CLANG_WARN_COMMA = YES;
				CLANG_WARN_CONSTANT_CONVERSION = YES;
				CLANG_WARN_DEPRECATED_OBJC_IMPLEMENTATIONS = YES;
				CLANG_WARN_DIRECT_OBJC_ISA_USAGE = YES_ERROR;
				CLANG_WARN_DOCUMENTATION_COMMENTS = YES;
				CLANG_WARN_EMPTY_BODY = YES;
				CLANG_WARN_ENUM_CONVERSION = YES;
				CLANG_WARN_INFINITE_RECURSION = YES;
				CLANG_WARN_INT_CONVERSION = YES;
				CLANG_WARN_NON_LITERAL_NULL_CONVERSION = YES;
				CLANG_WARN_OBJC_IMPLICIT_RETAIN_SELF = YES;
				CLANG_WARN_OBJC_LITERAL_CONVERSION = YES;
				CLANG_WARN_OBJC_ROOT_CLASS = YES_ERROR;
				CLANG_WARN_RANGE_LOOP_ANALYSIS = YES;
				CLANG_WARN_STRICT_PROTOTYPES = YES;
				CLANG_WARN_SUSPICIOUS_MOVE = YES;
				CLANG_WARN_UNGUARDED_AVAILABILITY = YES_AGGRESSIVE;
				CLANG_WARN_UNREACHABLE_CODE = YES;
				CLANG_WARN__DUPLICATE_METHOD_MATCH = YES;
				CODE_SIGN_IDENTITY = "iPhone Developer";
				COPY_PHASE_STRIP = NO;
				DEBUG_INFORMATION_FORMAT = "dwarf-with-dsym";
				ENABLE_NS_ASSERTIONS = NO;
				ENABLE_STRICT_OBJC_MSGSEND = YES;
				GCC_C_LANGUAGE_STANDARD = gnu11;
				GCC_NO_COMMON_BLOCKS = YES;
				GCC_WARN_64_TO_32_BIT_CONVERSION = YES;
				GCC_WARN_ABOUT_RETURN_TYPE = YES_ERROR;
				GCC_WARN_UNDECLARED_SELECTOR = YES;
				GCC_WARN_UNINITIALIZED_AUTOS = YES_AGGRESSIVE;
				GCC_WARN_UNUSED_FUNCTION = YES;
				GCC_WARN_UNUSED_VARIABLE = YES;
				IPHONEOS_DEPLOYMENT_TARGET = 11.4;
				MTL_ENABLE_DEBUG_INFO = NO;
				SDKROOT = iphoneos;
				SWIFT_OPTIMIZATION_LEVEL = "-Owholemodule";
				VALIDATE_PRODUCT = YES;
			};
			name = Release;
		};
		8AEA9DD420B0F7D300BA9A16 /* Debug */ = {
			isa = XCBuildConfiguration;
			baseConfigurationReference = AA4234C9866F9DE91CC60DA7 /* Pods-Scuto Vendor.debug.xcconfig */;
			buildSettings = {
				ASSETCATALOG_COMPILER_APPICON_NAME = AppIcon;
				CODE_SIGN_STYLE = Automatic;
				DEVELOPMENT_TEAM = A7SSL6ZZBY;
				INFOPLIST_FILE = "$(SRCROOT)/Scuto Vendor/Resources/Info.plist";
				IPHONEOS_DEPLOYMENT_TARGET = 11.3;
				LD_RUNPATH_SEARCH_PATHS = "$(inherited) @executable_path/Frameworks";
				PRODUCT_BUNDLE_IDENTIFIER = "ca.scuto.scuto-vendor";
				PRODUCT_NAME = "$(TARGET_NAME)";
				SWIFT_VERSION = 4.2;
				TARGETED_DEVICE_FAMILY = "1,2";
			};
			name = Debug;
		};
		8AEA9DD520B0F7D300BA9A16 /* Release */ = {
			isa = XCBuildConfiguration;
			baseConfigurationReference = B613A445B7DADEBD91F5FB4B /* Pods-Scuto Vendor.release.xcconfig */;
			buildSettings = {
				ASSETCATALOG_COMPILER_APPICON_NAME = AppIcon;
				CODE_SIGN_STYLE = Automatic;
				DEVELOPMENT_TEAM = A7SSL6ZZBY;
				INFOPLIST_FILE = "$(SRCROOT)/Scuto Vendor/Resources/Info.plist";
				IPHONEOS_DEPLOYMENT_TARGET = 11.3;
				LD_RUNPATH_SEARCH_PATHS = "$(inherited) @executable_path/Frameworks";
				PRODUCT_BUNDLE_IDENTIFIER = "ca.scuto.scuto-vendor";
				PRODUCT_NAME = "$(TARGET_NAME)";
				SWIFT_VERSION = 4.2;
				TARGETED_DEVICE_FAMILY = "1,2";
			};
			name = Release;
		};
/* End XCBuildConfiguration section */

/* Begin XCConfigurationList section */
		8AEA9DBC20B0F7D300BA9A16 /* Build configuration list for PBXProject "Scuto Vendor" */ = {
			isa = XCConfigurationList;
			buildConfigurations = (
				8AEA9DD120B0F7D300BA9A16 /* Debug */,
				8AEA9DD220B0F7D300BA9A16 /* Release */,
			);
			defaultConfigurationIsVisible = 0;
			defaultConfigurationName = Release;
		};
		8AEA9DD320B0F7D300BA9A16 /* Build configuration list for PBXNativeTarget "Scuto Vendor" */ = {
			isa = XCConfigurationList;
			buildConfigurations = (
				8AEA9DD420B0F7D300BA9A16 /* Debug */,
				8AEA9DD520B0F7D300BA9A16 /* Release */,
			);
			defaultConfigurationIsVisible = 0;
			defaultConfigurationName = Release;
		};
/* End XCConfigurationList section */
	};
	rootObject = 8AEA9DB920B0F7D300BA9A16 /* Project object */;
}
